
Microsoft Visual Studio Solution File, Format Version 12.00
Project("{FAE04EC0-301F-11D3-BF4B-00C04F79EFBC}") = "SCPSL-SCP049_2-Patch", "SCPSL-SCP049_2-Patch\SCPSL-SCP049_2-Patch.csproj", "{800FA669-253C-4A4B-A97B-ACD3E51942D9}"
EndProject
Global
	GlobalSection(SolutionConfigurationPlatforms) = preSolution
		Debug|Any CPU = Debug|Any CPU
		Release|Any CPU = Release|Any CPU
	EndGlobalSection
	GlobalSection(ProjectConfigurationPlatforms) = postSolution
		{800FA669-253C-4A4B-A97B-ACD3E51942D9}.Debug|Any CPU.ActiveCfg = Debug|Any CPU
		{800FA669-253C-4A4B-A97B-ACD3E51942D9}.Debug|Any CPU.Build.0 = Debug|Any CPU
		{800FA669-253C-4A4B-A97B-ACD3E51942D9}.Release|Any CPU.ActiveCfg = Release|Any CPU
		{800FA669-253C-4A4B-A97B-ACD3E51942D9}.Release|Any CPU.Build.0 = Release|Any CPU
	EndGlobalSection
EndGlobal
